
Microsoft Visual Studio Solution File, Format Version 12.00
# Visual Studio Version 16
VisualStudioVersion = 16.0.31424.327
MinimumVisualStudioVersion = 10.0.40219.1
Project("{FAE04EC0-301F-11D3-BF4B-00C04F79EFBC}") = "ADIS_lab1", "ADIS_lab1\ADIS_lab1.csproj", "{627B0CE2-C5AC-4D44-B186-482EE0972625}"
EndProject
Global
	GlobalSection(SolutionConfigurationPlatforms) = preSolution
		Debug|Any CPU = Debug|Any CPU
		Release|Any CPU = Release|Any CPU
	EndGlobalSection
	GlobalSection(ProjectConfigurationPlatforms) = postSolution
		{627B0CE2-C5AC-4D44-B186-482EE0972625}.Debug|Any CPU.ActiveCfg = Debug|Any CPU
		{627B0CE2-C5AC-4D44-B186-482EE0972625}.Debug|Any CPU.Build.0 = Debug|Any CPU
		{627B0CE2-C5AC-4D44-B186-482EE0972625}.Release|Any CPU.ActiveCfg = Release|Any CPU
		{627B0CE2-C5AC-4D44-B186-482EE0972625}.Release|Any CPU.Build.0 = Release|Any CPU
	EndGlobalSection
	GlobalSection(SolutionProperties) = preSolution
		HideSolutionNode = FALSE
	EndGlobalSection
	GlobalSection(ExtensibilityGlobals) = postSolution
		SolutionGuid = {1E79CB43-51F2-4CA4-B6A6-AB784B46BB3B}
	EndGlobalSection
EndGlobal
